
Microsoft Visual Studio Solution File, Format Version 12.00
# Visual Studio Version 17
VisualStudioVersion = 17.2.32526.322
MinimumVisualStudioVersion = 10.0.40219.1
Project("{FAE04EC0-301F-11D3-BF4B-00C04F79EFBC}") = "BankingControlPanel.Api", "BankingControlPanel.Api\BankingControlPanel.Api.csproj", "{B59F77A4-50F2-4B61-839C-12FB9348C44B}"
EndProject
Project("{FAE04EC0-301F-11D3-BF4B-00C04F79EFBC}") = "BankingControlPanel.Core", "BankingControlPanel.Core\BankingControlPanel.Core.csproj", "{D6A35EFF-EE58-45C1-9F73-123AC0D2CF72}"
EndProject
Project("{FAE04EC0-301F-11D3-BF4B-00C04F79EFBC}") = "BankingControlPanel.Services", "BankingControlPanel.Services\BankingControlPanel.Services.csproj", "{D941E38F-29C9-4C59-BDAE-79F4C19716EE}"
EndProject
Project("{FAE04EC0-301F-11D3-BF4B-00C04F79EFBC}") = "BankingControlPanel.Persistence", "BankingControlPanel.Persistence\BankingControlPanel.Persistence.csproj", "{3D651555-5076-4FB9-B826-40F33FC65352}"
EndProject
Global
	GlobalSection(SolutionConfigurationPlatforms) = preSolution
		Debug|Any CPU = Debug|Any CPU
		Release|Any CPU = Release|Any CPU
	EndGlobalSection
	GlobalSection(ProjectConfigurationPlatforms) = postSolution
		{B59F77A4-50F2-4B61-839C-12FB9348C44B}.Debug|Any CPU.ActiveCfg = Debug|Any CPU
		{B59F77A4-50F2-4B61-839C-12FB9348C44B}.Debug|Any CPU.Build.0 = Debug|Any CPU
		{B59F77A4-50F2-4B61-839C-12FB9348C44B}.Release|Any CPU.ActiveCfg = Release|Any CPU
		{B59F77A4-50F2-4B61-839C-12FB9348C44B}.Release|Any CPU.Build.0 = Release|Any CPU
		{D6A35EFF-EE58-45C1-9F73-123AC0D2CF72}.Debug|Any CPU.ActiveCfg = Debug|Any CPU
		{D6A35EFF-EE58-45C1-9F73-123AC0D2CF72}.Debug|Any CPU.Build.0 = Debug|Any CPU
		{D6A35EFF-EE58-45C1-9F73-123AC0D2CF72}.Release|Any CPU.ActiveCfg = Release|Any CPU
		{D6A35EFF-EE58-45C1-9F73-123AC0D2CF72}.Release|Any CPU.Build.0 = Release|Any CPU
		{D941E38F-29C9-4C59-BDAE-79F4C19716EE}.Debug|Any CPU.ActiveCfg = Debug|Any CPU
		{D941E38F-29C9-4C59-BDAE-79F4C19716EE}.Debug|Any CPU.Build.0 = Debug|Any CPU
		{D941E38F-29C9-4C59-BDAE-79F4C19716EE}.Release|Any CPU.ActiveCfg = Release|Any CPU
		{D941E38F-29C9-4C59-BDAE-79F4C19716EE}.Release|Any CPU.Build.0 = Release|Any CPU
		{3D651555-5076-4FB9-B826-40F33FC65352}.Debug|Any CPU.ActiveCfg = Debug|Any CPU
		{3D651555-5076-4FB9-B826-40F33FC65352}.Debug|Any CPU.Build.0 = Debug|Any CPU
		{3D651555-5076-4FB9-B826-40F33FC65352}.Release|Any CPU.ActiveCfg = Release|Any CPU
		{3D651555-5076-4FB9-B826-40F33FC65352}.Release|Any CPU.Build.0 = Release|Any CPU
	EndGlobalSection
	GlobalSection(SolutionProperties) = preSolution
		HideSolutionNode = FALSE
	EndGlobalSection
	GlobalSection(ExtensibilityGlobals) = postSolution
		SolutionGuid = {E5755611-D02A-44B0-9FB9-B76DC3DA0C0F}
	EndGlobalSection
EndGlobal
